
Microsoft Visual Studio Solution File, Format Version 12.00
# Visual Studio 15
VisualStudioVersion = 15.0.27130.2036
MinimumVisualStudioVersion = 10.0.40219.1
Project("{FAE04EC0-301F-11D3-BF4B-00C04F79EFBC}") = "VSIXProjectFileMod", "VSIXProjectFileMod\VSIXProjectFileMod.csproj", "{832D7A90-71B9-44B5-B351-C663FD8A633F}"
EndProject
Project("{FAE04EC0-301F-11D3-BF4B-00C04F79EFBC}") = "ProjectFileMod.Tests", "ProjectFileMod.Tests\ProjectFileMod.Tests.csproj", "{F9ABC6D9-2538-40E2-B1CE-DA9F203A7530}"
EndProject
Global
	GlobalSection(SolutionConfigurationPlatforms) = preSolution
		Debug|Any CPU = Debug|Any CPU
		Release|Any CPU = Release|Any CPU
	EndGlobalSection
	GlobalSection(ProjectConfigurationPlatforms) = postSolution
		{832D7A90-71B9-44B5-B351-C663FD8A633F}.Debug|Any CPU.ActiveCfg = Debug|Any CPU
		{832D7A90-71B9-44B5-B351-C663FD8A633F}.Debug|Any CPU.Build.0 = Debug|Any CPU
		{832D7A90-71B9-44B5-B351-C663FD8A633F}.Release|Any CPU.ActiveCfg = Release|Any CPU
		{832D7A90-71B9-44B5-B351-C663FD8A633F}.Release|Any CPU.Build.0 = Release|Any CPU
		{F9ABC6D9-2538-40E2-B1CE-DA9F203A7530}.Debug|Any CPU.ActiveCfg = Debug|Any CPU
		{F9ABC6D9-2538-40E2-B1CE-DA9F203A7530}.Debug|Any CPU.Build.0 = Debug|Any CPU
		{F9ABC6D9-2538-40E2-B1CE-DA9F203A7530}.Release|Any CPU.ActiveCfg = Release|Any CPU
		{F9ABC6D9-2538-40E2-B1CE-DA9F203A7530}.Release|Any CPU.Build.0 = Release|Any CPU
	EndGlobalSection
	GlobalSection(SolutionProperties) = preSolution
		HideSolutionNode = FALSE
	EndGlobalSection
	GlobalSection(ExtensibilityGlobals) = postSolution
		SolutionGuid = {9F47F9D9-C663-4135-B2EB-05E3057CCF3C}
	EndGlobalSection
EndGlobal
